
Microsoft Visual Studio Solution File, Format Version 12.00
# Visual Studio 15
VisualStudioVersion = 15.0.28307.168
MinimumVisualStudioVersion = 10.0.40219.1
Project("{FAE04EC0-301F-11D3-BF4B-00C04F79EFBC}") = "App1.Android", "App1\App1.Android\App1.Android.csproj", "{D823A1AB-927D-426F-BA87-91C4C04C0FAE}"
EndProject
Project("{FAE04EC0-301F-11D3-BF4B-00C04F79EFBC}") = "App1.iOS", "App1\App1.iOS\App1.iOS.csproj", "{CF906BF9-CB70-4552-892C-60A0A6D9A003}"
EndProject
Project("{FAE04EC0-301F-11D3-BF4B-00C04F79EFBC}") = "App1", "App1\App1\App1.csproj", "{6493EF04-7653-49BE-A57E-07FEDCF138C5}"
EndProject
Global
	GlobalSection(SolutionConfigurationPlatforms) = preSolution
		Ad-Hoc|Any CPU = Ad-Hoc|Any CPU
		Ad-Hoc|iPhone = Ad-Hoc|iPhone
		Ad-Hoc|iPhoneSimulator = Ad-Hoc|iPhoneSimulator
		AppStore|Any CPU = AppStore|Any CPU
		AppStore|iPhone = AppStore|iPhone
		AppStore|iPhoneSimulator = AppStore|iPhoneSimulator
		Debug|Any CPU = Debug|Any CPU
		Debug|iPhone = Debug|iPhone
		Debug|iPhoneSimulator = Debug|iPhoneSimulator
		Release|Any CPU = Release|Any CPU
		Release|iPhone = Release|iPhone
		Release|iPhoneSimulator = Release|iPhoneSimulator
	EndGlobalSection
	GlobalSection(ProjectConfigurationPlatforms) = postSolution
		{D823A1AB-927D-426F-BA87-91C4C04C0FAE}.Ad-Hoc|Any CPU.ActiveCfg = Release|Any CPU
		{D823A1AB-927D-426F-BA87-91C4C04C0FAE}.Ad-Hoc|Any CPU.Build.0 = Release|Any CPU
		{D823A1AB-927D-426F-BA87-91C4C04C0FAE}.Ad-Hoc|Any CPU.Deploy.0 = Release|Any CPU
		{D823A1AB-927D-426F-BA87-91C4C04C0FAE}.Ad-Hoc|iPhone.ActiveCfg = Release|Any CPU
		{D823A1AB-927D-426F-BA87-91C4C04C0FAE}.Ad-Hoc|iPhone.Build.0 = Release|Any CPU
		{D823A1AB-927D-426F-BA87-91C4C04C0FAE}.Ad-Hoc|iPhone.Deploy.0 = Release|Any CPU
		{D823A1AB-927D-426F-BA87-91C4C04C0FAE}.Ad-Hoc|iPhoneSimulator.ActiveCfg = Release|Any CPU
		{D823A1AB-927D-426F-BA87-91C4C04C0FAE}.Ad-Hoc|iPhoneSimulator.Build.0 = Release|Any CPU
		{D823A1AB-927D-426F-BA87-91C4C04C0FAE}.Ad-Hoc|iPhoneSimulator.Deploy.0 = Release|Any CPU
		{D823A1AB-927D-426F-BA87-91C4C04C0FAE}.AppStore|Any CPU.ActiveCfg = Release|Any CPU
		{D823A1AB-927D-426F-BA87-91C4C04C0FAE}.AppStore|Any CPU.Build.0 = Release|Any CPU
		{D823A1AB-927D-426F-BA87-91C4C04C0FAE}.AppStore|Any CPU.Deploy.0 = Release|Any CPU
		{D823A1AB-927D-426F-BA87-91C4C04C0FAE}.AppStore|iPhone.ActiveCfg = Release|Any CPU
		{D823A1AB-927D-426F-BA87-91C4C04C0FAE}.AppStore|iPhone.Build.0 = Release|Any CPU
		{D823A1AB-927D-426F-BA87-91C4C04C0FAE}.AppStore|iPhone.Deploy.0 = Release|Any CPU
		{D823A1AB-927D-426F-BA87-91C4C04C0FAE}.AppStore|iPhoneSimulator.ActiveCfg = Release|Any CPU
		{D823A1AB-927D-426F-BA87-91C4C04C0FAE}.AppStore|iPhoneSimulator.Build.0 = Release|Any CPU
		{D823A1AB-927D-426F-BA87-91C4C04C0FAE}.AppStore|iPhoneSimulator.Deploy.0 = Release|Any CPU
		{D823A1AB-927D-426F-BA87-91C4C04C0FAE}.Debug|Any CPU.ActiveCfg = Debug|Any CPU
		{D823A1AB-927D-426F-BA87-91C4C04C0FAE}.Debug|Any CPU.Build.0 = Debug|Any CPU
		{D823A1AB-927D-426F-BA87-91C4C04C0FAE}.Debug|Any CPU.Deploy.0 = Debug|Any CPU
		{D823A1AB-927D-426F-BA87-91C4C04C0FAE}.Debug|iPhone.ActiveCfg = Debug|Any CPU
		{D823A1AB-927D-426F-BA87-91C4C04C0FAE}.Debug|iPhone.Build.0 = Debug|Any CPU
		{D823A1AB-927D-426F-BA87-91C4C04C0FAE}.Debug|iPhone.Deploy.0 = Debug|Any CPU
		{D823A1AB-927D-426F-BA87-91C4C04C0FAE}.Debug|iPhoneSimulator.ActiveCfg = Debug|Any CPU
		{D823A1AB-927D-426F-BA87-91C4C04C0FAE}.Debug|iPhoneSimulator.Build.0 = Debug|Any CPU
		{D823A1AB-927D-426F-BA87-91C4C04C0FAE}.Debug|iPhoneSimulator.Deploy.0 = Debug|Any CPU
		{D823A1AB-927D-426F-BA87-91C4C04C0FAE}.Release|Any CPU.ActiveCfg = Release|Any CPU
		{D823A1AB-927D-426F-BA87-91C4C04C0FAE}.Release|Any CPU.Build.0 = Release|Any CPU
		{D823A1AB-927D-426F-BA87-91C4C04C0FAE}.Release|Any CPU.Deploy.0 = Release|Any CPU
		{D823A1AB-927D-426F-BA87-91C4C04C0FAE}.Release|iPhone.ActiveCfg = Release|Any CPU
		{D823A1AB-927D-426F-BA87-91C4C04C0FAE}.Release|iPhone.Build.0 = Release|Any CPU
		{D823A1AB-927D-426F-BA87-91C4C04C0FAE}.Release|iPhone.Deploy.0 = Release|Any CPU
		{D823A1AB-927D-426F-BA87-91C4C04C0FAE}.Release|iPhoneSimulator.ActiveCfg = Release|Any CPU
		{D823A1AB-927D-426F-BA87-91C4C04C0FAE}.Release|iPhoneSimulator.Build.0 = Release|Any CPU
		{D823A1AB-927D-426F-BA87-91C4C04C0FAE}.Release|iPhoneSimulator.Deploy.0 = Release|Any CPU
		{CF906BF9-CB70-4552-892C-60A0A6D9A003}.Ad-Hoc|Any CPU.ActiveCfg = Ad-Hoc|iPhone
		{CF906BF9-CB70-4552-892C-60A0A6D9A003}.Ad-Hoc|Any CPU.Build.0 = Ad-Hoc|iPhone
		{CF906BF9-CB70-4552-892C-60A0A6D9A003}.Ad-Hoc|Any CPU.Deploy.0 = Ad-Hoc|iPhone
		{CF906BF9-CB70-4552-892C-60A0A6D9A003}.Ad-Hoc|iPhone.ActiveCfg = Ad-Hoc|iPhone
		{CF906BF9-CB70-4552-892C-60A0A6D9A003}.Ad-Hoc|iPhone.Build.0 = Ad-Hoc|iPhone
		{CF906BF9-CB70-4552-892C-60A0A6D9A003}.Ad-Hoc|iPhone.Deploy.0 = Ad-Hoc|iPhone
		{CF906BF9-CB70-4552-892C-60A0A6D9A003}.Ad-Hoc|iPhoneSimulator.ActiveCfg = Ad-Hoc|iPhoneSimulator
		{CF906BF9-CB70-4552-892C-60A0A6D9A003}.Ad-Hoc|iPhoneSimulator.Build.0 = Ad-Hoc|iPhoneSimulator
		{CF906BF9-CB70-4552-892C-60A0A6D9A003}.Ad-Hoc|iPhoneSimulator.Deploy.0 = Ad-Hoc|iPhoneSimulator
		{CF906BF9-CB70-4552-892C-60A0A6D9A003}.AppStore|Any CPU.ActiveCfg = AppStore|iPhone
		{CF906BF9-CB70-4552-892C-60A0A6D9A003}.AppStore|Any CPU.Build.0 = AppStore|iPhone
		{CF906BF9-CB70-4552-892C-60A0A6D9A003}.AppStore|Any CPU.Deploy.0 = AppStore|iPhone
		{CF906BF9-CB70-4552-892C-60A0A6D9A003}.AppStore|iPhone.ActiveCfg = AppStore|iPhone
		{CF906BF9-CB70-4552-892C-60A0A6D9A003}.AppStore|iPhone.Build.0 = AppStore|iPhone
		{CF906BF9-CB70-4552-892C-60A0A6D9A003}.AppStore|iPhone.Deploy.0 = AppStore|iPhone
		{CF906BF9-CB70-4552-892C-60A0A6D9A003}.AppStore|iPhoneSimulator.ActiveCfg = AppStore|iPhoneSimulator
		{CF906BF9-CB70-4552-892C-60A0A6D9A003}.AppStore|iPhoneSimulator.Build.0 = AppStore|iPhoneSimulator
		{CF906BF9-CB70-4552-892C-60A0A6D9A003}.AppStore|iPhoneSimulator.Deploy.0 = AppStore|iPhoneSimulator
		{CF906BF9-CB70-4552-892C-60A0A6D9A003}.Debug|Any CPU.ActiveCfg = Debug|iPhoneSimulator
		{CF906BF9-CB70-4552-892C-60A0A6D9A003}.Debug|Any CPU.Build.0 = Debug|iPhoneSimulator
		{CF906BF9-CB70-4552-892C-60A0A6D9A003}.Debug|Any CPU.Deploy.0 = Debug|iPhoneSimulator
		{CF906BF9-CB70-4552-892C-60A0A6D9A003}.Debug|iPhone.ActiveCfg = Debug|iPhone
		{CF906BF9-CB70-4552-892C-60A0A6D9A003}.Debug|iPhone.Build.0 = Debug|iPhone
		{CF906BF9-CB70-4552-892C-60A0A6D9A003}.Debug|iPhone.Deploy.0 = Debug|iPhone
		{CF906BF9-CB70-4552-892C-60A0A6D9A003}.Debug|iPhoneSimulator.ActiveCfg = Debug|iPhoneSimulator
		{CF906BF9-CB70-4552-892C-60A0A6D9A003}.Debug|iPhoneSimulator.Build.0 = Debug|iPhoneSimulator
		{CF906BF9-CB70-4552-892C-60A0A6D9A003}.Debug|iPhoneSimulator.Deploy.0 = Debug|iPhoneSimulator
		{CF906BF9-CB70-4552-892C-60A0A6D9A003}.Release|Any CPU.ActiveCfg = Release|iPhone
		{CF906BF9-CB70-4552-892C-60A0A6D9A003}.Release|Any CPU.Build.0 = Release|iPhone
		{CF906BF9-CB70-4552-892C-60A0A6D9A003}.Release|Any CPU.Deploy.0 = Release|iPhone
		{CF906BF9-CB70-4552-892C-60A0A6D9A003}.Release|iPhone.ActiveCfg = Release|iPhone
		{CF906BF9-CB70-4552-892C-60A0A6D9A003}.Release|iPhone.Build.0 = Release|iPhone
		{CF906BF9-CB70-4552-892C-60A0A6D9A003}.Release|iPhone.Deploy.0 = Release|iPhone
		{CF906BF9-CB70-4552-892C-60A0A6D9A003}.Release|iPhoneSimulator.ActiveCfg = Release|iPhoneSimulator
		{CF906BF9-CB70-4552-892C-60A0A6D9A003}.Release|iPhoneSimulator.Build.0 = Release|iPhoneSimulator
		{CF906BF9-CB70-4552-892C-60A0A6D9A003}.Release|iPhoneSimulator.Deploy.0 = Release|iPhoneSimulator
		{6493EF04-7653-49BE-A57E-07FEDCF138C5}.Ad-Hoc|Any CPU.ActiveCfg = Debug|Any CPU
		{6493EF04-7653-49BE-A57E-07FEDCF138C5}.Ad-Hoc|Any CPU.Build.0 = Debug|Any CPU
		{6493EF04-7653-49BE-A57E-07FEDCF138C5}.Ad-Hoc|Any CPU.Deploy.0 = Debug|Any CPU
		{6493EF04-7653-49BE-A57E-07FEDCF138C5}.Ad-Hoc|iPhone.ActiveCfg = Debug|Any CPU
		{6493EF04-7653-49BE-A57E-07FEDCF138C5}.Ad-Hoc|iPhone.Build.0 = Debug|Any CPU
		{6493EF04-7653-49BE-A57E-07FEDCF138C5}.Ad-Hoc|iPhone.Deploy.0 = Debug|Any CPU
		{6493EF04-7653-49BE-A57E-07FEDCF138C5}.Ad-Hoc|iPhoneSimulator.ActiveCfg = Debug|Any CPU
		{6493EF04-7653-49BE-A57E-07FEDCF138C5}.Ad-Hoc|iPhoneSimulator.Build.0 = Debug|Any CPU
		{6493EF04-7653-49BE-A57E-07FEDCF138C5}.Ad-Hoc|iPhoneSimulator.Deploy.0 = Debug|Any CPU
		{6493EF04-7653-49BE-A57E-07FEDCF138C5}.AppStore|Any CPU.ActiveCfg = Debug|Any CPU
		{6493EF04-7653-49BE-A57E-07FEDCF138C5}.AppStore|Any CPU.Build.0 = Debug|Any CPU
		{6493EF04-7653-49BE-A57E-07FEDCF138C5}.AppStore|Any CPU.Deploy.0 = Debug|Any CPU
		{6493EF04-7653-49BE-A57E-07FEDCF138C5}.AppStore|iPhone.ActiveCfg = Debug|Any CPU
		{6493EF04-7653-49BE-A57E-07FEDCF138C5}.AppStore|iPhone.Build.0 = Debug|Any CPU
		{6493EF04-7653-49BE-A57E-07FEDCF138C5}.AppStore|iPhone.Deploy.0 = Debug|Any CPU
		{6493EF04-7653-49BE-A57E-07FEDCF138C5}.AppStore|iPhoneSimulator.ActiveCfg = Debug|Any CPU
		{6493EF04-7653-49BE-A57E-07FEDCF138C5}.AppStore|iPhoneSimulator.Build.0 = Debug|Any CPU
		{6493EF04-7653-49BE-A57E-07FEDCF138C5}.AppStore|iPhoneSimulator.Deploy.0 = Debug|Any CPU
		{6493EF04-7653-49BE-A57E-07FEDCF138C5}.Debug|Any CPU.ActiveCfg = Debug|Any CPU
		{6493EF04-7653-49BE-A57E-07FEDCF138C5}.Debug|Any CPU.Build.0 = Debug|Any CPU
		{6493EF04-7653-49BE-A57E-07FEDCF138C5}.Debug|Any CPU.Deploy.0 = Debug|Any CPU
		{6493EF04-7653-49BE-A57E-07FEDCF138C5}.Debug|iPhone.ActiveCfg = Debug|Any CPU
		{6493EF04-7653-49BE-A57E-07FEDCF138C5}.Debug|iPhone.Build.0 = Debug|Any CPU
		{6493EF04-7653-49BE-A57E-07FEDCF138C5}.Debug|iPhone.Deploy.0 = Debug|Any CPU
		{6493EF04-7653-49BE-A57E-07FEDCF138C5}.Debug|iPhoneSimulator.ActiveCfg = Debug|Any CPU
		{6493EF04-7653-49BE-A57E-07FEDCF138C5}.Debug|iPhoneSimulator.Build.0 = Debug|Any CPU
		{6493EF04-7653-49BE-A57E-07FEDCF138C5}.Debug|iPhoneSimulator.Deploy.0 = Debug|Any CPU
		{6493EF04-7653-49BE-A57E-07FEDCF138C5}.Release|Any CPU.ActiveCfg = Release|Any CPU
		{6493EF04-7653-49BE-A57E-07FEDCF138C5}.Release|Any CPU.Build.0 = Release|Any CPU
		{6493EF04-7653-49BE-A57E-07FEDCF138C5}.Release|Any CPU.Deploy.0 = Release|Any CPU
		{6493EF04-7653-49BE-A57E-07FEDCF138C5}.Release|iPhone.ActiveCfg = Release|Any CPU
		{6493EF04-7653-49BE-A57E-07FEDCF138C5}.Release|iPhone.Build.0 = Release|Any CPU
		{6493EF04-7653-49BE-A57E-07FEDCF138C5}.Release|iPhone.Deploy.0 = Release|Any CPU
		{6493EF04-7653-49BE-A57E-07FEDCF138C5}.Release|iPhoneSimulator.ActiveCfg = Release|Any CPU
		{6493EF04-7653-49BE-A57E-07FEDCF138C5}.Release|iPhoneSimulator.Build.0 = Release|Any CPU
		{6493EF04-7653-49BE-A57E-07FEDCF138C5}.Release|iPhoneSimulator.Deploy.0 = Release|Any CPU
	EndGlobalSection
	GlobalSection(SolutionProperties) = preSolution
		HideSolutionNode = FALSE
	EndGlobalSection
	GlobalSection(ExtensibilityGlobals) = postSolution
		SolutionGuid = {9B97F458-AA7D-4337-854E-64D0333547DB}
	EndGlobalSection
EndGlobal
